
Microsoft Visual Studio Solution File, Format Version 12.00
# Visual Studio Version 16
VisualStudioVersion = 16.0.31515.178
MinimumVisualStudioVersion = 10.0.40219.1
Project("{9A19103F-16F7-4668-BE54-9A1E7A4F7556}") = "DataAccess", "DataAccess\DataAccess.csproj", "{FA8DA526-A1FE-4354-999A-2D047D61D7D0}"
EndProject
Project("{9A19103F-16F7-4668-BE54-9A1E7A4F7556}") = "Business", "Business\Business.csproj", "{403C5B07-0965-4809-8FFE-2BFD8B462B17}"
EndProject
Project("{9A19103F-16F7-4668-BE54-9A1E7A4F7556}") = "Entities", "Entities\Entities.csproj", "{5FB98A9F-9361-4122-A485-DF4629EA8106}"
EndProject
Project("{9A19103F-16F7-4668-BE54-9A1E7A4F7556}") = "ConsoleUI", "ConsoleUI\ConsoleUI.csproj", "{5CAD8DED-1F36-4007-9797-7F089E4D7BA5}"
EndProject
Project("{9A19103F-16F7-4668-BE54-9A1E7A4F7556}") = "Core", "Core\Core.csproj", "{DBD3D38B-EDDB-44B7-8076-96E2BCA2C85D}"
EndProject
Project("{FAE04EC0-301F-11D3-BF4B-00C04F79EFBC}") = "WebAPI", "WebAPI\WebAPI.csproj", "{E0ED3182-B150-43F7-89C5-CD83ECDCC19D}"
EndProject
Global
	GlobalSection(SolutionConfigurationPlatforms) = preSolution
		Debug|Any CPU = Debug|Any CPU
		Release|Any CPU = Release|Any CPU
	EndGlobalSection
	GlobalSection(ProjectConfigurationPlatforms) = postSolution
		{FA8DA526-A1FE-4354-999A-2D047D61D7D0}.Debug|Any CPU.ActiveCfg = Debug|Any CPU
		{FA8DA526-A1FE-4354-999A-2D047D61D7D0}.Debug|Any CPU.Build.0 = Debug|Any CPU
		{FA8DA526-A1FE-4354-999A-2D047D61D7D0}.Release|Any CPU.ActiveCfg = Release|Any CPU
		{FA8DA526-A1FE-4354-999A-2D047D61D7D0}.Release|Any CPU.Build.0 = Release|Any CPU
		{403C5B07-0965-4809-8FFE-2BFD8B462B17}.Debug|Any CPU.ActiveCfg = Debug|Any CPU
		{403C5B07-0965-4809-8FFE-2BFD8B462B17}.Debug|Any CPU.Build.0 = Debug|Any CPU
		{403C5B07-0965-4809-8FFE-2BFD8B462B17}.Release|Any CPU.ActiveCfg = Release|Any CPU
		{403C5B07-0965-4809-8FFE-2BFD8B462B17}.Release|Any CPU.Build.0 = Release|Any CPU
		{5FB98A9F-9361-4122-A485-DF4629EA8106}.Debug|Any CPU.ActiveCfg = Debug|Any CPU
		{5FB98A9F-9361-4122-A485-DF4629EA8106}.Debug|Any CPU.Build.0 = Debug|Any CPU
		{5FB98A9F-9361-4122-A485-DF4629EA8106}.Release|Any CPU.ActiveCfg = Release|Any CPU
		{5FB98A9F-9361-4122-A485-DF4629EA8106}.Release|Any CPU.Build.0 = Release|Any CPU
		{5CAD8DED-1F36-4007-9797-7F089E4D7BA5}.Debug|Any CPU.ActiveCfg = Debug|Any CPU
		{5CAD8DED-1F36-4007-9797-7F089E4D7BA5}.Debug|Any CPU.Build.0 = Debug|Any CPU
		{5CAD8DED-1F36-4007-9797-7F089E4D7BA5}.Release|Any CPU.ActiveCfg = Release|Any CPU
		{5CAD8DED-1F36-4007-9797-7F089E4D7BA5}.Release|Any CPU.Build.0 = Release|Any CPU
		{DBD3D38B-EDDB-44B7-8076-96E2BCA2C85D}.Debug|Any CPU.ActiveCfg = Debug|Any CPU
		{DBD3D38B-EDDB-44B7-8076-96E2BCA2C85D}.Debug|Any CPU.Build.0 = Debug|Any CPU
		{DBD3D38B-EDDB-44B7-8076-96E2BCA2C85D}.Release|Any CPU.ActiveCfg = Release|Any CPU
		{DBD3D38B-EDDB-44B7-8076-96E2BCA2C85D}.Release|Any CPU.Build.0 = Release|Any CPU
		{E0ED3182-B150-43F7-89C5-CD83ECDCC19D}.Debug|Any CPU.ActiveCfg = Debug|Any CPU
		{E0ED3182-B150-43F7-89C5-CD83ECDCC19D}.Debug|Any CPU.Build.0 = Debug|Any CPU
		{E0ED3182-B150-43F7-89C5-CD83ECDCC19D}.Release|Any CPU.ActiveCfg = Release|Any CPU
		{E0ED3182-B150-43F7-89C5-CD83ECDCC19D}.Release|Any CPU.Build.0 = Release|Any CPU
	EndGlobalSection
	GlobalSection(SolutionProperties) = preSolution
		HideSolutionNode = FALSE
	EndGlobalSection
	GlobalSection(ExtensibilityGlobals) = postSolution
		SolutionGuid = {BE665448-7113-4E77-B2A3-750A83CFA8C9}
	EndGlobalSection
EndGlobal
